
Microsoft Visual Studio Solution File, Format Version 12.00
# Visual Studio Version 17
VisualStudioVersion = 17.9.34728.123
MinimumVisualStudioVersion = 10.0.40219.1
Project("{9A19103F-16F7-4668-BE54-9A1E7A4F7556}") = "RabbitMQ.Publisher", "RabbitMQ.Publisher\RabbitMQ.Publisher.csproj", "{AA7DCAD6-3906-4919-BAC9-44A796D02254}"
EndProject
Project("{9A19103F-16F7-4668-BE54-9A1E7A4F7556}") = "RabbitMQ.Consumer", "RabbitMQ.Consumer\RabbitMQ.Consumer.csproj", "{F2AC77DA-75C5-427F-8E8E-94598A7DB1DE}"
EndProject
Project("{9A19103F-16F7-4668-BE54-9A1E7A4F7556}") = "RabbitMQ.Fanout.Consumer", "RabbitMQ.Fanout.Consumer\RabbitMQ.Fanout.Consumer.csproj", "{448E21C7-2B0E-48D5-AE83-85EFF0BE98FB}"
EndProject
Project("{9A19103F-16F7-4668-BE54-9A1E7A4F7556}") = "RabbitMQ.FanoutPublisher", "RabbitMQ.FanoutPublisher\RabbitMQ.FanoutPublisher.csproj", "{6A476CD6-A8BF-4BC4-A95B-CBE28945E039}"
EndProject
Project("{9A19103F-16F7-4668-BE54-9A1E7A4F7556}") = "RabbitMQ.Topic.Consumer", "RabbitMQ.Topic.Consumer\RabbitMQ.Topic.Consumer.csproj", "{96A4E581-D6C1-4BB0-9249-9B0EC470E0A1}"
EndProject
Project("{9A19103F-16F7-4668-BE54-9A1E7A4F7556}") = "RabbitMQ.Topic.Publisher", "RabbitMQ.Topic.Publisher\RabbitMQ.Topic.Publisher.csproj", "{7A3FD11E-4F9A-4839-B35F-27D89C40274F}"
EndProject
Project("{9A19103F-16F7-4668-BE54-9A1E7A4F7556}") = "RabbitMQ.Header.Publisher", "RabbitMQ.Header.Publisher\RabbitMQ.Header.Publisher.csproj", "{53BDF45E-EFB0-4C1F-A4C5-D2DF8195F3E4}"
EndProject
Project("{9A19103F-16F7-4668-BE54-9A1E7A4F7556}") = "RabbitMQ.Header.Consumer", "RabbitMQ.Header.Consumer\RabbitMQ.Header.Consumer.csproj", "{46C7973B-7E1B-47AE-AF55-0E783C4B0D5F}"
EndProject
Project("{9A19103F-16F7-4668-BE54-9A1E7A4F7556}") = "RabbitMQ.Message.Templates.Consumer", "RabbitMQ.Message.Templates.Consumer\RabbitMQ.Message.Templates.Consumer.csproj", "{11CF0416-A4B6-46F5-80F2-6F62C5AE5C3D}"
EndProject
Project("{9A19103F-16F7-4668-BE54-9A1E7A4F7556}") = "RabbitMQ.Message.Templates.Publisher", "RabbitMQ.Message.Templates.Publisher\RabbitMQ.Message.Templates.Publisher.csproj", "{9341931C-D6DD-44BF-8D27-D8C63F0F503B}"
EndProject
Project("{9A19103F-16F7-4668-BE54-9A1E7A4F7556}") = "RabbitMQ.ESB.MassTransit.Consumer", "RabbitMQ.ESB.MassTransit.Consumer\RabbitMQ.ESB.MassTransit.Consumer.csproj", "{E48845EF-FFD9-4F31-AB8B-5ECDBE6263BC}"
EndProject
Project("{9A19103F-16F7-4668-BE54-9A1E7A4F7556}") = "RabbitMQ.ESB.MassTransit.Publisher", "RabbitMQ.ESB.MassTransit.Publisher\RabbitMQ.ESB.MassTransit.Publisher.csproj", "{3AABBC9C-7B47-4F5D-8FCE-62F108A48E27}"
EndProject
Project("{9A19103F-16F7-4668-BE54-9A1E7A4F7556}") = "RabbitMQ.ESB.MassTransit.Shared", "RabbitMQ.ESB.MassTransit.Shared\RabbitMQ.ESB.MassTransit.Shared.csproj", "{6164ABDD-0DFC-4077-812E-30E82CAF5149}"
EndProject
Project("{9A19103F-16F7-4668-BE54-9A1E7A4F7556}") = "RabbitMQ.ESB.MassTransit.WorkerService.Consumer", "RabbitMQ.ESB.MassTransit.WorkerService.Consumer\RabbitMQ.ESB.MassTransit.WorkerService.Consumer.csproj", "{F7214391-215D-48ED-BE1C-5649BB03985E}"
EndProject
Project("{9A19103F-16F7-4668-BE54-9A1E7A4F7556}") = "RabbitMQ.ESB.MassTransit.WorkerService.Publisher", "RabbitMQ.ESB.MassTransit.WorkerService.Publisher\RabbitMQ.ESB.MassTransit.WorkerService.Publisher.csproj", "{FAA8D59E-DD4A-4063-B470-DC9663FBCD39}"
EndProject
Project("{FAE04EC0-301F-11D3-BF4B-00C04F79EFBC}") = "RabbitMQ.ESB.MassTransit.RequestResponse.Consumer", "RabbitMQ.ESB.MassTransit.RequestResponse.Consumer\RabbitMQ.ESB.MassTransit.RequestResponse.Consumer.csproj", "{9F3DEBB6-17CC-4550-8654-52D5A7C2AFAD}"
EndProject
Project("{FAE04EC0-301F-11D3-BF4B-00C04F79EFBC}") = "RabbitMQ.ESB.MassTransit.RequestResponse.Publisher", "RabbitMQ.ESB.MassTransit.RequestResponse.Publisher\RabbitMQ.ESB.MassTransit.RequestResponse.Publisher.csproj", "{C6803223-774C-4D97-8756-14B8BAC932FE}"
EndProject
Global
	GlobalSection(SolutionConfigurationPlatforms) = preSolution
		Debug|Any CPU = Debug|Any CPU
		Release|Any CPU = Release|Any CPU
	EndGlobalSection
	GlobalSection(ProjectConfigurationPlatforms) = postSolution
		{AA7DCAD6-3906-4919-BAC9-44A796D02254}.Debug|Any CPU.ActiveCfg = Debug|Any CPU
		{AA7DCAD6-3906-4919-BAC9-44A796D02254}.Debug|Any CPU.Build.0 = Debug|Any CPU
		{AA7DCAD6-3906-4919-BAC9-44A796D02254}.Release|Any CPU.ActiveCfg = Release|Any CPU
		{AA7DCAD6-3906-4919-BAC9-44A796D02254}.Release|Any CPU.Build.0 = Release|Any CPU
		{F2AC77DA-75C5-427F-8E8E-94598A7DB1DE}.Debug|Any CPU.ActiveCfg = Debug|Any CPU
		{F2AC77DA-75C5-427F-8E8E-94598A7DB1DE}.Debug|Any CPU.Build.0 = Debug|Any CPU
		{F2AC77DA-75C5-427F-8E8E-94598A7DB1DE}.Release|Any CPU.ActiveCfg = Release|Any CPU
		{F2AC77DA-75C5-427F-8E8E-94598A7DB1DE}.Release|Any CPU.Build.0 = Release|Any CPU
		{448E21C7-2B0E-48D5-AE83-85EFF0BE98FB}.Debug|Any CPU.ActiveCfg = Debug|Any CPU
		{448E21C7-2B0E-48D5-AE83-85EFF0BE98FB}.Debug|Any CPU.Build.0 = Debug|Any CPU
		{448E21C7-2B0E-48D5-AE83-85EFF0BE98FB}.Release|Any CPU.ActiveCfg = Release|Any CPU
		{448E21C7-2B0E-48D5-AE83-85EFF0BE98FB}.Release|Any CPU.Build.0 = Release|Any CPU
		{6A476CD6-A8BF-4BC4-A95B-CBE28945E039}.Debug|Any CPU.ActiveCfg = Debug|Any CPU
		{6A476CD6-A8BF-4BC4-A95B-CBE28945E039}.Debug|Any CPU.Build.0 = Debug|Any CPU
		{6A476CD6-A8BF-4BC4-A95B-CBE28945E039}.Release|Any CPU.ActiveCfg = Release|Any CPU
		{6A476CD6-A8BF-4BC4-A95B-CBE28945E039}.Release|Any CPU.Build.0 = Release|Any CPU
		{96A4E581-D6C1-4BB0-9249-9B0EC470E0A1}.Debug|Any CPU.ActiveCfg = Debug|Any CPU
		{96A4E581-D6C1-4BB0-9249-9B0EC470E0A1}.Debug|Any CPU.Build.0 = Debug|Any CPU
		{96A4E581-D6C1-4BB0-9249-9B0EC470E0A1}.Release|Any CPU.ActiveCfg = Release|Any CPU
		{96A4E581-D6C1-4BB0-9249-9B0EC470E0A1}.Release|Any CPU.Build.0 = Release|Any CPU
		{7A3FD11E-4F9A-4839-B35F-27D89C40274F}.Debug|Any CPU.ActiveCfg = Debug|Any CPU
		{7A3FD11E-4F9A-4839-B35F-27D89C40274F}.Debug|Any CPU.Build.0 = Debug|Any CPU
		{7A3FD11E-4F9A-4839-B35F-27D89C40274F}.Release|Any CPU.ActiveCfg = Release|Any CPU
		{7A3FD11E-4F9A-4839-B35F-27D89C40274F}.Release|Any CPU.Build.0 = Release|Any CPU
		{53BDF45E-EFB0-4C1F-A4C5-D2DF8195F3E4}.Debug|Any CPU.ActiveCfg = Debug|Any CPU
		{53BDF45E-EFB0-4C1F-A4C5-D2DF8195F3E4}.Debug|Any CPU.Build.0 = Debug|Any CPU
		{53BDF45E-EFB0-4C1F-A4C5-D2DF8195F3E4}.Release|Any CPU.ActiveCfg = Release|Any CPU
		{53BDF45E-EFB0-4C1F-A4C5-D2DF8195F3E4}.Release|Any CPU.Build.0 = Release|Any CPU
		{46C7973B-7E1B-47AE-AF55-0E783C4B0D5F}.Debug|Any CPU.ActiveCfg = Debug|Any CPU
		{46C7973B-7E1B-47AE-AF55-0E783C4B0D5F}.Debug|Any CPU.Build.0 = Debug|Any CPU
		{46C7973B-7E1B-47AE-AF55-0E783C4B0D5F}.Release|Any CPU.ActiveCfg = Release|Any CPU
		{46C7973B-7E1B-47AE-AF55-0E783C4B0D5F}.Release|Any CPU.Build.0 = Release|Any CPU
		{11CF0416-A4B6-46F5-80F2-6F62C5AE5C3D}.Debug|Any CPU.ActiveCfg = Debug|Any CPU
		{11CF0416-A4B6-46F5-80F2-6F62C5AE5C3D}.Debug|Any CPU.Build.0 = Debug|Any CPU
		{11CF0416-A4B6-46F5-80F2-6F62C5AE5C3D}.Release|Any CPU.ActiveCfg = Release|Any CPU
		{11CF0416-A4B6-46F5-80F2-6F62C5AE5C3D}.Release|Any CPU.Build.0 = Release|Any CPU
		{9341931C-D6DD-44BF-8D27-D8C63F0F503B}.Debug|Any CPU.ActiveCfg = Debug|Any CPU
		{9341931C-D6DD-44BF-8D27-D8C63F0F503B}.Debug|Any CPU.Build.0 = Debug|Any CPU
		{9341931C-D6DD-44BF-8D27-D8C63F0F503B}.Release|Any CPU.ActiveCfg = Release|Any CPU
		{9341931C-D6DD-44BF-8D27-D8C63F0F503B}.Release|Any CPU.Build.0 = Release|Any CPU
		{E48845EF-FFD9-4F31-AB8B-5ECDBE6263BC}.Debug|Any CPU.ActiveCfg = Debug|Any CPU
		{E48845EF-FFD9-4F31-AB8B-5ECDBE6263BC}.Debug|Any CPU.Build.0 = Debug|Any CPU
		{E48845EF-FFD9-4F31-AB8B-5ECDBE6263BC}.Release|Any CPU.ActiveCfg = Release|Any CPU
		{E48845EF-FFD9-4F31-AB8B-5ECDBE6263BC}.Release|Any CPU.Build.0 = Release|Any CPU
		{3AABBC9C-7B47-4F5D-8FCE-62F108A48E27}.Debug|Any CPU.ActiveCfg = Debug|Any CPU
		{3AABBC9C-7B47-4F5D-8FCE-62F108A48E27}.Debug|Any CPU.Build.0 = Debug|Any CPU
		{3AABBC9C-7B47-4F5D-8FCE-62F108A48E27}.Release|Any CPU.ActiveCfg = Release|Any CPU
		{3AABBC9C-7B47-4F5D-8FCE-62F108A48E27}.Release|Any CPU.Build.0 = Release|Any CPU
		{6164ABDD-0DFC-4077-812E-30E82CAF5149}.Debug|Any CPU.ActiveCfg = Debug|Any CPU
		{6164ABDD-0DFC-4077-812E-30E82CAF5149}.Debug|Any CPU.Build.0 = Debug|Any CPU
		{6164ABDD-0DFC-4077-812E-30E82CAF5149}.Release|Any CPU.ActiveCfg = Release|Any CPU
		{6164ABDD-0DFC-4077-812E-30E82CAF5149}.Release|Any CPU.Build.0 = Release|Any CPU
		{F7214391-215D-48ED-BE1C-5649BB03985E}.Debug|Any CPU.ActiveCfg = Debug|Any CPU
		{F7214391-215D-48ED-BE1C-5649BB03985E}.Debug|Any CPU.Build.0 = Debug|Any CPU
		{F7214391-215D-48ED-BE1C-5649BB03985E}.Release|Any CPU.ActiveCfg = Release|Any CPU
		{F7214391-215D-48ED-BE1C-5649BB03985E}.Release|Any CPU.Build.0 = Release|Any CPU
		{FAA8D59E-DD4A-4063-B470-DC9663FBCD39}.Debug|Any CPU.ActiveCfg = Debug|Any CPU
		{FAA8D59E-DD4A-4063-B470-DC9663FBCD39}.Debug|Any CPU.Build.0 = Debug|Any CPU
		{FAA8D59E-DD4A-4063-B470-DC9663FBCD39}.Release|Any CPU.ActiveCfg = Release|Any CPU
		{FAA8D59E-DD4A-4063-B470-DC9663FBCD39}.Release|Any CPU.Build.0 = Release|Any CPU
		{9F3DEBB6-17CC-4550-8654-52D5A7C2AFAD}.Debug|Any CPU.ActiveCfg = Debug|Any CPU
		{9F3DEBB6-17CC-4550-8654-52D5A7C2AFAD}.Debug|Any CPU.Build.0 = Debug|Any CPU
		{9F3DEBB6-17CC-4550-8654-52D5A7C2AFAD}.Release|Any CPU.ActiveCfg = Release|Any CPU
		{9F3DEBB6-17CC-4550-8654-52D5A7C2AFAD}.Release|Any CPU.Build.0 = Release|Any CPU
		{C6803223-774C-4D97-8756-14B8BAC932FE}.Debug|Any CPU.ActiveCfg = Debug|Any CPU
		{C6803223-774C-4D97-8756-14B8BAC932FE}.Debug|Any CPU.Build.0 = Debug|Any CPU
		{C6803223-774C-4D97-8756-14B8BAC932FE}.Release|Any CPU.ActiveCfg = Release|Any CPU
		{C6803223-774C-4D97-8756-14B8BAC932FE}.Release|Any CPU.Build.0 = Release|Any CPU
	EndGlobalSection
	GlobalSection(SolutionProperties) = preSolution
		HideSolutionNode = FALSE
	EndGlobalSection
	GlobalSection(ExtensibilityGlobals) = postSolution
		SolutionGuid = {01CCA74C-0312-4AA2-9BE2-B8E040DDD341}
	EndGlobalSection
EndGlobal
